
Microsoft Visual Studio Solution File, Format Version 12.00
# Visual Studio Version 17
VisualStudioVersion = 17.8.34408.163
MinimumVisualStudioVersion = 10.0.40219.1
Project("{8BC9CEB8-8B4A-11D0-8D11-00A0C91BC942}") = "test_316", "test_316\test_316.vcxproj", "{DF064F16-AA20-4325-B964-F3906B7585DC}"
EndProject
Global
	GlobalSection(SolutionConfigurationPlatforms) = preSolution
		Debug|x64 = Debug|x64
		Debug|x86 = Debug|x86
		Release|x64 = Release|x64
		Release|x86 = Release|x86
	EndGlobalSection
	GlobalSection(ProjectConfigurationPlatforms) = postSolution
		{DF064F16-AA20-4325-B964-F3906B7585DC}.Debug|x64.ActiveCfg = Debug|x64
		{DF064F16-AA20-4325-B964-F3906B7585DC}.Debug|x64.Build.0 = Debug|x64
		{DF064F16-AA20-4325-B964-F3906B7585DC}.Debug|x86.ActiveCfg = Debug|Win32
		{DF064F16-AA20-4325-B964-F3906B7585DC}.Debug|x86.Build.0 = Debug|Win32
		{DF064F16-AA20-4325-B964-F3906B7585DC}.Release|x64.ActiveCfg = Release|x64
		{DF064F16-AA20-4325-B964-F3906B7585DC}.Release|x64.Build.0 = Release|x64
		{DF064F16-AA20-4325-B964-F3906B7585DC}.Release|x86.ActiveCfg = Release|Win32
		{DF064F16-AA20-4325-B964-F3906B7585DC}.Release|x86.Build.0 = Release|Win32
	EndGlobalSection
	GlobalSection(SolutionProperties) = preSolution
		HideSolutionNode = FALSE
	EndGlobalSection
	GlobalSection(ExtensibilityGlobals) = postSolution
		SolutionGuid = {0E2A6276-0097-4A08-AF35-CF8A27A6341B}
	EndGlobalSection
EndGlobal
